{
  "requires": true,
  "lockfileVersion": 1,
  "dependencies": {
    "vue-cli-plugin-axios": {
      "version": "0.0.4",
      "resolved": "https://registry.npmjs.org/vue-cli-plugin-axios/-/vue-cli-plugin-axios-0.0.4.tgz",
      "integrity": "sha512-p2b/fvPJuPBnvU8027PAAuU5DiOzUn2lku8XLG/f6c8FU0N+/MXWZAlOuHhqd9e7+KIZitwe/c8qlmv7TglbTg==",
      "dev": true
    }
  }
}
